// !$*UTF8*$!
{
	archiveVersion = 1;
	classes = {
	};
	objectVersion = 56;
	objects = {

/* Begin PBXBuildFile section */
		082CC95B2A0F95F000D7F345 /* NutritionlyApp.swift in Sources */ = {isa = PBXBuildFile; fileRef = 082CC95A2A0F95F000D7F345 /* NutritionlyApp.swift */; };
		082CC95D2A0F95F000D7F345 /* ContentView.swift in Sources */ = {isa = PBXBuildFile; fileRef = 082CC95C2A0F95F000D7F345 /* ContentView.swift */; };
		082CC95F2A0F95F200D7F345 /* Assets.xcassets in Resources */ = {isa = PBXBuildFile; fileRef = 082CC95E2A0F95F200D7F345 /* Assets.xcassets */; };
		082CC9622A0F95F200D7F345 /* Preview Assets.xcassets in Resources */ = {isa = PBXBuildFile; fileRef = 082CC9612A0F95F200D7F345 /* Preview Assets.xcassets */; };
		082CC9692A0F96C800D7F345 /* StartScreen.swift in Sources */ = {isa = PBXBuildFile; fileRef = 082CC9682A0F96C800D7F345 /* StartScreen.swift */; };
		082CC96C2A0F97A000D7F345 /* BackgroundShape.swift in Sources */ = {isa = PBXBuildFile; fileRef = 082CC96B2A0F97A000D7F345 /* BackgroundShape.swift */; };
		082CC96E2A0FA35100D7F345 /* Color.swift in Sources */ = {isa = PBXBuildFile; fileRef = 082CC96D2A0FA35100D7F345 /* Color.swift */; };
		082CC9702A0FA5BF00D7F345 /* RoundedButtton.swift in Sources */ = {isa = PBXBuildFile; fileRef = 082CC96F2A0FA5BF00D7F345 /* RoundedButtton.swift */; };
		082CC9722A0FF25D00D7F345 /* LoginScreen.swift in Sources */ = {isa = PBXBuildFile; fileRef = 082CC9712A0FF25D00D7F345 /* LoginScreen.swift */; };
		082CC97B2A0FFDC000D7F345 /* GoogleService-Info.plist in Resources */ = {isa = PBXBuildFile; fileRef = 082CC97A2A0FFDC000D7F345 /* GoogleService-Info.plist */; };
		082CC97D2A1007F200D7F345 /* UserInformationView.swift in Sources */ = {isa = PBXBuildFile; fileRef = 082CC97C2A1007F200D7F345 /* UserInformationView.swift */; };
		084F29A22A10F6070071D321 /* ProgressView.swift in Sources */ = {isa = PBXBuildFile; fileRef = 084F29A12A10F6070071D321 /* ProgressView.swift */; };
		086D4F922A223D9500E3E63F /* TargetWeightView.swift in Sources */ = {isa = PBXBuildFile; fileRef = 086D4F912A223D9500E3E63F /* TargetWeightView.swift */; };
		086D4F952A228F6500E3E63F /* MultipleSectionWeightPicker.swift in Sources */ = {isa = PBXBuildFile; fileRef = 086D4F942A228F6500E3E63F /* MultipleSectionWeightPicker.swift */; };
		086D4F972A2295CD00E3E63F /* AvtivityLevelView.swift in Sources */ = {isa = PBXBuildFile; fileRef = 086D4F962A2295CD00E3E63F /* AvtivityLevelView.swift */; };
		087ABF652A1FE96B0092911B /* CustomTabBar.swift in Sources */ = {isa = PBXBuildFile; fileRef = 087ABF642A1FE96B0092911B /* CustomTabBar.swift */; };
		087ABF672A1FF9710092911B /* ProfileView.swift in Sources */ = {isa = PBXBuildFile; fileRef = 087ABF662A1FF9710092911B /* ProfileView.swift */; };
		087ABF692A1FFF650092911B /* ProfiledData.swift in Sources */ = {isa = PBXBuildFile; fileRef = 087ABF682A1FFF650092911B /* ProfiledData.swift */; };
		087ABF6B2A20D9F00092911B /* StatsView.swift in Sources */ = {isa = PBXBuildFile; fileRef = 087ABF6A2A20D9F00092911B /* StatsView.swift */; };
		087ABF6E2A22102D0092911B /* GoalView.swift in Sources */ = {isa = PBXBuildFile; fileRef = 087ABF6D2A22102D0092911B /* GoalView.swift */; };
		08910BB52A23EAC6006DF3E1 /* SpeedOptionView.swift in Sources */ = {isa = PBXBuildFile; fileRef = 08910BB42A23EAC6006DF3E1 /* SpeedOptionView.swift */; };
		08910BB72A23F204006DF3E1 /* TotalNutritionsView.swift in Sources */ = {isa = PBXBuildFile; fileRef = 08910BB62A23F204006DF3E1 /* TotalNutritionsView.swift */; };
		08AA44F92A1BEC2B00537DD5 /* WorkoutCardView.swift in Sources */ = {isa = PBXBuildFile; fileRef = 08AA44F82A1BEC2B00537DD5 /* WorkoutCardView.swift */; };
		08AA44FC2A1BFD5200537DD5 /* Water IntakeCard.swift in Sources */ = {isa = PBXBuildFile; fileRef = 08AA44FB2A1BFD5200537DD5 /* Water IntakeCard.swift */; };
		08AA62892A22B61A002D9DBF /* FirebaseAuth in Frameworks */ = {isa = PBXBuildFile; productRef = 08AA62882A22B61A002D9DBF /* FirebaseAuth */; };
		08AA628B2A22B61A002D9DBF /* FirebaseFirestore in Frameworks */ = {isa = PBXBuildFile; productRef = 08AA628A2A22B61A002D9DBF /* FirebaseFirestore */; };
		08AA628D2A22B61A002D9DBF /* FirebaseFirestoreSwift in Frameworks */ = {isa = PBXBuildFile; productRef = 08AA628C2A22B61A002D9DBF /* FirebaseFirestoreSwift */; };
		08AA62902A22B62F002D9DBF /* EmojiPicker in Frameworks */ = {isa = PBXBuildFile; productRef = 08AA628F2A22B62F002D9DBF /* EmojiPicker */; };
		08AEC0EF2A15168900CEA256 /* NewFoodView.swift in Sources */ = {isa = PBXBuildFile; fileRef = 08AEC0EE2A15168900CEA256 /* NewFoodView.swift */; };
		08AEC0F12A1517DD00CEA256 /* CustomSwitch.swift in Sources */ = {isa = PBXBuildFile; fileRef = 08AEC0F02A1517DD00CEA256 /* CustomSwitch.swift */; };
		08AEC0F32A15259500CEA256 /* CustomSearchBar.swift in Sources */ = {isa = PBXBuildFile; fileRef = 08AEC0F22A15259500CEA256 /* CustomSearchBar.swift */; };
		08BA5B042A19395A001B2174 /* RecentsView.swift in Sources */ = {isa = PBXBuildFile; fileRef = 08BA5B032A19395A001B2174 /* RecentsView.swift */; };
		08C79C4D2A10EECC00AC28CB /* MainView.swift in Sources */ = {isa = PBXBuildFile; fileRef = 08C79C4C2A10EECC00AC28CB /* MainView.swift */; };
		08C79C4F2A10EFBF00AC28CB /* NutritionData_Manager.swift in Sources */ = {isa = PBXBuildFile; fileRef = 08C79C4E2A10EFBF00AC28CB /* NutritionData_Manager.swift */; };
		08DB017E2A16B69B00DCA54A /* SearchIngredientsView.swift in Sources */ = {isa = PBXBuildFile; fileRef = 08DB017D2A16B69B00DCA54A /* SearchIngredientsView.swift */; };
		08DB01802A16BAFB00DCA54A /* Custom checkMark.swift in Sources */ = {isa = PBXBuildFile; fileRef = 08DB017F2A16BAFB00DCA54A /* Custom checkMark.swift */; };
		08DB01822A16C63A00DCA54A /* TotalFoodView.swift in Sources */ = {isa = PBXBuildFile; fileRef = 08DB01812A16C63A00DCA54A /* TotalFoodView.swift */; };
		08DB01852A17E0DE00DCA54A /* SearchIngredViewModel.swift in Sources */ = {isa = PBXBuildFile; fileRef = 08DB01842A17E0DE00DCA54A /* SearchIngredViewModel.swift */; };
		08ED21D42A1E2002004A0064 /* WeightInfoView.swift in Sources */ = {isa = PBXBuildFile; fileRef = 08ED21D32A1E2002004A0064 /* WeightInfoView.swift */; };
		08ED21D62A1E9DA8004A0064 /* WeightProgressCard.swift in Sources */ = {isa = PBXBuildFile; fileRef = 08ED21D52A1E9DA8004A0064 /* WeightProgressCard.swift */; };
		08ED21D82A1EA134004A0064 /* weightProgressChart.swift in Sources */ = {isa = PBXBuildFile; fileRef = 08ED21D72A1EA134004A0064 /* weightProgressChart.swift */; };
		08F367B72A12CADF00180195 /* Structs Users.swift in Sources */ = {isa = PBXBuildFile; fileRef = 08F367B62A12CADF00180195 /* Structs Users.swift */; };
		08F367BC2A12CDD000180195 /* UserStore.swift in Sources */ = {isa = PBXBuildFile; fileRef = 08F367BB2A12CDD000180195 /* UserStore.swift */; };
		08F367C02A1419BB00180195 /* AddFoodView.swift in Sources */ = {isa = PBXBuildFile; fileRef = 08F367BF2A1419BB00180195 /* AddFoodView.swift */; };
		08F367C22A141B8900180195 /* NutritionsLine.swift in Sources */ = {isa = PBXBuildFile; fileRef = 08F367C12A141B8900180195 /* NutritionsLine.swift */; };
		08F367C42A141FF200180195 /* MealItem.swift in Sources */ = {isa = PBXBuildFile; fileRef = 08F367C32A141FF200180195 /* MealItem.swift */; };
/* End PBXBuildFile section */

/* Begin PBXFileReference section */
		082CC9572A0F95F000D7F345 /* Nutritionly.app */ = {isa = PBXFileReference; explicitFileType = wrapper.application; includeInIndex = 0; path = Nutritionly.app; sourceTree = BUILT_PRODUCTS_DIR; };
		082CC95A2A0F95F000D7F345 /* NutritionlyApp.swift */ = {isa = PBXFileReference; lastKnownFileType = sourcecode.swift; path = NutritionlyApp.swift; sourceTree = "<group>"; };
		082CC95C2A0F95F000D7F345 /* ContentView.swift */ = {isa = PBXFileReference; lastKnownFileType = sourcecode.swift; path = ContentView.swift; sourceTree = "<group>"; };
		082CC95E2A0F95F200D7F345 /* Assets.xcassets */ = {isa = PBXFileReference; lastKnownFileType = folder.assetcatalog; path = Assets.xcassets; sourceTree = "<group>"; };
		082CC9612A0F95F200D7F345 /* Preview Assets.xcassets */ = {isa = PBXFileReference; lastKnownFileType = folder.assetcatalog; path = "Preview Assets.xcassets"; sourceTree = "<group>"; };
		082CC9682A0F96C800D7F345 /* StartScreen.swift */ = {isa = PBXFileReference; lastKnownFileType = sourcecode.swift; path = StartScreen.swift; sourceTree = "<group>"; };
		082CC96B2A0F97A000D7F345 /* BackgroundShape.swift */ = {isa = PBXFileReference; lastKnownFileType = sourcecode.swift; path = BackgroundShape.swift; sourceTree = "<group>"; };
		082CC96D2A0FA35100D7F345 /* Color.swift */ = {isa = PBXFileReference; lastKnownFileType = sourcecode.swift; path = Color.swift; sourceTree = "<group>"; };
		082CC96F2A0FA5BF00D7F345 /* RoundedButtton.swift */ = {isa = PBXFileReference; lastKnownFileType = sourcecode.swift; path = RoundedButtton.swift; sourceTree = "<group>"; };
		082CC9712A0FF25D00D7F345 /* LoginScreen.swift */ = {isa = PBXFileReference; lastKnownFileType = sourcecode.swift; path = LoginScreen.swift; sourceTree = "<group>"; };
		082CC97A2A0FFDC000D7F345 /* GoogleService-Info.plist */ = {isa = PBXFileReference; fileEncoding = 4; lastKnownFileType = text.plist.xml; path = "GoogleService-Info.plist"; sourceTree = "<group>"; };
		082CC97C2A1007F200D7F345 /* UserInformationView.swift */ = {isa = PBXFileReference; lastKnownFileType = sourcecode.swift; path = UserInformationView.swift; sourceTree = "<group>"; };
		084F29A12A10F6070071D321 /* ProgressView.swift */ = {isa = PBXFileReference; lastKnownFileType = sourcecode.swift; path = ProgressView.swift; sourceTree = "<group>"; };
		086D4F912A223D9500E3E63F /* TargetWeightView.swift */ = {isa = PBXFileReference; lastKnownFileType = sourcecode.swift; path = TargetWeightView.swift; sourceTree = "<group>"; };
		086D4F942A228F6500E3E63F /* MultipleSectionWeightPicker.swift */ = {isa = PBXFileReference; lastKnownFileType = sourcecode.swift; path = MultipleSectionWeightPicker.swift; sourceTree = "<group>"; };
		086D4F962A2295CD00E3E63F /* AvtivityLevelView.swift */ = {isa = PBXFileReference; lastKnownFileType = sourcecode.swift; path = AvtivityLevelView.swift; sourceTree = "<group>"; };
		087ABF642A1FE96B0092911B /* CustomTabBar.swift */ = {isa = PBXFileReference; lastKnownFileType = sourcecode.swift; path = CustomTabBar.swift; sourceTree = "<group>"; };
		087ABF662A1FF9710092911B /* ProfileView.swift */ = {isa = PBXFileReference; lastKnownFileType = sourcecode.swift; path = ProfileView.swift; sourceTree = "<group>"; };
		087ABF682A1FFF650092911B /* ProfiledData.swift */ = {isa = PBXFileReference; lastKnownFileType = sourcecode.swift; path = ProfiledData.swift; sourceTree = "<group>"; };
		087ABF6A2A20D9F00092911B /* StatsView.swift */ = {isa = PBXFileReference; lastKnownFileType = sourcecode.swift; path = StatsView.swift; sourceTree = "<group>"; };
		087ABF6D2A22102D0092911B /* GoalView.swift */ = {isa = PBXFileReference; lastKnownFileType = sourcecode.swift; path = GoalView.swift; sourceTree = "<group>"; usesTabs = 0; };
		08910BB42A23EAC6006DF3E1 /* SpeedOptionView.swift */ = {isa = PBXFileReference; lastKnownFileType = sourcecode.swift; path = SpeedOptionView.swift; sourceTree = "<group>"; };
		08910BB62A23F204006DF3E1 /* TotalNutritionsView.swift */ = {isa = PBXFileReference; lastKnownFileType = sourcecode.swift; path = TotalNutritionsView.swift; sourceTree = "<group>"; };
		08AA44F82A1BEC2B00537DD5 /* WorkoutCardView.swift */ = {isa = PBXFileReference; lastKnownFileType = sourcecode.swift; path = WorkoutCardView.swift; sourceTree = "<group>"; };
		08AA44FA2A1BF87900537DD5 /* Nutritionly.entitlements */ = {isa = PBXFileReference; lastKnownFileType = text.plist.entitlements; path = Nutritionly.entitlements; sourceTree = "<group>"; };
		08AA44FB2A1BFD5200537DD5 /* Water IntakeCard.swift */ = {isa = PBXFileReference; lastKnownFileType = sourcecode.swift; path = "Water IntakeCard.swift"; sourceTree = "<group>"; };
		08AEC0EE2A15168900CEA256 /* NewFoodView.swift */ = {isa = PBXFileReference; lastKnownFileType = sourcecode.swift; path = NewFoodView.swift; sourceTree = "<group>"; };
		08AEC0F02A1517DD00CEA256 /* CustomSwitch.swift */ = {isa = PBXFileReference; lastKnownFileType = sourcecode.swift; path = CustomSwitch.swift; sourceTree = "<group>"; };
		08AEC0F22A15259500CEA256 /* CustomSearchBar.swift */ = {isa = PBXFileReference; lastKnownFileType = sourcecode.swift; path = CustomSearchBar.swift; sourceTree = "<group>"; };
		08BA5B032A19395A001B2174 /* RecentsView.swift */ = {isa = PBXFileReference; lastKnownFileType = sourcecode.swift; path = RecentsView.swift; sourceTree = "<group>"; };
		08C79C4C2A10EECC00AC28CB /* MainView.swift */ = {isa = PBXFileReference; lastKnownFileType = sourcecode.swift; path = MainView.swift; sourceTree = "<group>"; };
		08C79C4E2A10EFBF00AC28CB /* NutritionData_Manager.swift */ = {isa = PBXFileReference; lastKnownFileType = sourcecode.swift; path = NutritionData_Manager.swift; sourceTree = "<group>"; };
		08DB017D2A16B69B00DCA54A /* SearchIngredientsView.swift */ = {isa = PBXFileReference; lastKnownFileType = sourcecode.swift; path = SearchIngredientsView.swift; sourceTree = "<group>"; };
		08DB017F2A16BAFB00DCA54A /* Custom checkMark.swift */ = {isa = PBXFileReference; lastKnownFileType = sourcecode.swift; path = "Custom checkMark.swift"; sourceTree = "<group>"; };
		08DB01812A16C63A00DCA54A /* TotalFoodView.swift */ = {isa = PBXFileReference; lastKnownFileType = sourcecode.swift; path = TotalFoodView.swift; sourceTree = "<group>"; };
		08DB01842A17E0DE00DCA54A /* SearchIngredViewModel.swift */ = {isa = PBXFileReference; lastKnownFileType = sourcecode.swift; path = SearchIngredViewModel.swift; sourceTree = "<group>"; };
		08ED21D32A1E2002004A0064 /* WeightInfoView.swift */ = {isa = PBXFileReference; lastKnownFileType = sourcecode.swift; path = WeightInfoView.swift; sourceTree = "<group>"; };
		08ED21D52A1E9DA8004A0064 /* WeightProgressCard.swift */ = {isa = PBXFileReference; lastKnownFileType = sourcecode.swift; path = WeightProgressCard.swift; sourceTree = "<group>"; };
		08ED21D72A1EA134004A0064 /* weightProgressChart.swift */ = {isa = PBXFileReference; lastKnownFileType = sourcecode.swift; path = weightProgressChart.swift; sourceTree = "<group>"; };
		08F367B62A12CADF00180195 /* Structs Users.swift */ = {isa = PBXFileReference; lastKnownFileType = sourcecode.swift; path = "Structs Users.swift"; sourceTree = "<group>"; };
		08F367BB2A12CDD000180195 /* UserStore.swift */ = {isa = PBXFileReference; lastKnownFileType = sourcecode.swift; path = UserStore.swift; sourceTree = "<group>"; };
		08F367BF2A1419BB00180195 /* AddFoodView.swift */ = {isa = PBXFileReference; lastKnownFileType = sourcecode.swift; path = AddFoodView.swift; sourceTree = "<group>"; };
		08F367C12A141B8900180195 /* NutritionsLine.swift */ = {isa = PBXFileReference; lastKnownFileType = sourcecode.swift; path = NutritionsLine.swift; sourceTree = "<group>"; };
		08F367C32A141FF200180195 /* MealItem.swift */ = {isa = PBXFileReference; lastKnownFileType = sourcecode.swift; path = MealItem.swift; sourceTree = "<group>"; };
/* End PBXFileReference section */

/* Begin PBXFrameworksBuildPhase section */
		082CC9542A0F95F000D7F345 /* Frameworks */ = {
			isa = PBXFrameworksBuildPhase;
			buildActionMask = 2147483647;
			files = (
				08AA62892A22B61A002D9DBF /* FirebaseAuth in Frameworks */,
				08AA62902A22B62F002D9DBF /* EmojiPicker in Frameworks */,
				08AA628B2A22B61A002D9DBF /* FirebaseFirestore in Frameworks */,
				08AA628D2A22B61A002D9DBF /* FirebaseFirestoreSwift in Frameworks */,
			);
			runOnlyForDeploymentPostprocessing = 0;
		};
/* End PBXFrameworksBuildPhase section */

/* Begin PBXGroup section */
		082CC94E2A0F95F000D7F345 = {
			isa = PBXGroup;
			children = (
				082CC9592A0F95F000D7F345 /* Nutritionly */,
				082CC9582A0F95F000D7F345 /* Products */,
				08F367B82A12CB3900180195 /* Frameworks */,
			);
			sourceTree = "<group>";
		};
		082CC9582A0F95F000D7F345 /* Products */ = {
			isa = PBXGroup;
			children = (
				082CC9572A0F95F000D7F345 /* Nutritionly.app */,
			);
			name = Products;
			sourceTree = "<group>";
		};
		082CC9592A0F95F000D7F345 /* Nutritionly */ = {
			isa = PBXGroup;
			children = (
				08AA44FA2A1BF87900537DD5 /* Nutritionly.entitlements */,
				082CC95A2A0F95F000D7F345 /* NutritionlyApp.swift */,
				082CC95C2A0F95F000D7F345 /* ContentView.swift */,
				087ABF6C2A2159530092911B /* Main Views */,
				08AA44F72A1BEC0C00537DD5 /* FullCards */,
				082CC97A2A0FFDC000D7F345 /* GoogleService-Info.plist */,
				089CF08D2A10310400061597 /* StartingViews */,
				082CC96A2A0F972000D7F345 /* Features */,
				08DB01832A16CD9300DCA54A /* AddingFoodViews */,
				08F367842A12A73600180195 /* Data */,
				082CC95E2A0F95F200D7F345 /* Assets.xcassets */,
				082CC9602A0F95F200D7F345 /* Preview Content */,
			);
			path = Nutritionly;
			sourceTree = "<group>";
		};
		082CC9602A0F95F200D7F345 /* Preview Content */ = {
			isa = PBXGroup;
			children = (
				082CC9612A0F95F200D7F345 /* Preview Assets.xcassets */,
			);
			path = "Preview Content";
			sourceTree = "<group>";
		};
		082CC96A2A0F972000D7F345 /* Features */ = {
			isa = PBXGroup;
			children = (
				087ABF642A1FE96B0092911B /* CustomTabBar.swift */,
				08DB017F2A16BAFB00DCA54A /* Custom checkMark.swift */,
				08AEC0F22A15259500CEA256 /* CustomSearchBar.swift */,
				08AEC0F02A1517DD00CEA256 /* CustomSwitch.swift */,
				08F367C12A141B8900180195 /* NutritionsLine.swift */,
				084F29A12A10F6070071D321 /* ProgressView.swift */,
				082CC96D2A0FA35100D7F345 /* Color.swift */,
				082CC96B2A0F97A000D7F345 /* BackgroundShape.swift */,
				082CC96F2A0FA5BF00D7F345 /* RoundedButtton.swift */,
			);
			path = Features;
			sourceTree = "<group>";
		};
		086D4F932A223DA300E3E63F /* target weight views */ = {
			isa = PBXGroup;
			children = (
				086D4F912A223D9500E3E63F /* TargetWeightView.swift */,
				086D4F942A228F6500E3E63F /* MultipleSectionWeightPicker.swift */,
			);
			path = "target weight views";
			sourceTree = "<group>";
		};
		087ABF6C2A2159530092911B /* Main Views */ = {
			isa = PBXGroup;
			children = (
				087ABF6A2A20D9F00092911B /* StatsView.swift */,
				087ABF662A1FF9710092911B /* ProfileView.swift */,
				087ABF682A1FFF650092911B /* ProfiledData.swift */,
				08C79C4C2A10EECC00AC28CB /* MainView.swift */,
			);
			path = "Main Views";
			sourceTree = "<group>";
		};
		089CF08D2A10310400061597 /* StartingViews */ = {
			isa = PBXGroup;
			children = (
				082CC97C2A1007F200D7F345 /* UserInformationView.swift */,
				082CC9682A0F96C800D7F345 /* StartScreen.swift */,
				08910BB42A23EAC6006DF3E1 /* SpeedOptionView.swift */,
				08ED21D32A1E2002004A0064 /* WeightInfoView.swift */,
				082CC9712A0FF25D00D7F345 /* LoginScreen.swift */,
				087ABF6D2A22102D0092911B /* GoalView.swift */,
				086D4F962A2295CD00E3E63F /* AvtivityLevelView.swift */,
				08910BB62A23F204006DF3E1 /* TotalNutritionsView.swift */,
				086D4F932A223DA300E3E63F /* target weight views */,
			);
			path = StartingViews;
			sourceTree = "<group>";
		};
		08AA44F72A1BEC0C00537DD5 /* FullCards */ = {
			isa = PBXGroup;
			children = (
				08AA44F82A1BEC2B00537DD5 /* WorkoutCardView.swift */,
				08AA44FB2A1BFD5200537DD5 /* Water IntakeCard.swift */,
				08ED21D92A1EA13F004A0064 /* wweightProgress */,
			);
			path = FullCards;
			sourceTree = "<group>";
		};
		08DB01832A16CD9300DCA54A /* AddingFoodViews */ = {
			isa = PBXGroup;
			children = (
				08BA5B032A19395A001B2174 /* RecentsView.swift */,
				08F367C32A141FF200180195 /* MealItem.swift */,
				08F367BF2A1419BB00180195 /* AddFoodView.swift */,
				08DB017D2A16B69B00DCA54A /* SearchIngredientsView.swift */,
				08DB01842A17E0DE00DCA54A /* SearchIngredViewModel.swift */,
				08AEC0EE2A15168900CEA256 /* NewFoodView.swift */,
				08DB01812A16C63A00DCA54A /* TotalFoodView.swift */,
			);
			path = AddingFoodViews;
			sourceTree = "<group>";
		};
		08ED21D92A1EA13F004A0064 /* wweightProgress */ = {
			isa = PBXGroup;
			children = (
				08ED21D52A1E9DA8004A0064 /* WeightProgressCard.swift */,
				08ED21D72A1EA134004A0064 /* weightProgressChart.swift */,
			);
			path = wweightProgress;
			sourceTree = "<group>";
		};
		08F367842A12A73600180195 /* Data */ = {
			isa = PBXGroup;
			children = (
				08F367BB2A12CDD000180195 /* UserStore.swift */,
				08F367B62A12CADF00180195 /* Structs Users.swift */,
				08C79C4E2A10EFBF00AC28CB /* NutritionData_Manager.swift */,
			);
			path = Data;
			sourceTree = "<group>";
		};
		08F367B82A12CB3900180195 /* Frameworks */ = {
			isa = PBXGroup;
			children = (
			);
			name = Frameworks;
			sourceTree = "<group>";
		};
/* End PBXGroup section */

/* Begin PBXNativeTarget section */
		082CC9562A0F95F000D7F345 /* Nutritionly */ = {
			isa = PBXNativeTarget;
			buildConfigurationList = 082CC9652A0F95F200D7F345 /* Build configuration list for PBXNativeTarget "Nutritionly" */;
			buildPhases = (
				082CC9532A0F95F000D7F345 /* Sources */,
				082CC9542A0F95F000D7F345 /* Frameworks */,
				082CC9552A0F95F000D7F345 /* Resources */,
			);
			buildRules = (
			);
			dependencies = (
			);
			name = Nutritionly;
			packageProductDependencies = (
				08AA62882A22B61A002D9DBF /* FirebaseAuth */,
				08AA628A2A22B61A002D9DBF /* FirebaseFirestore */,
				08AA628C2A22B61A002D9DBF /* FirebaseFirestoreSwift */,
				08AA628F2A22B62F002D9DBF /* EmojiPicker */,
			);
			productName = Nutritionly;
			productReference = 082CC9572A0F95F000D7F345 /* Nutritionly.app */;
			productType = "com.apple.product-type.application";
		};
/* End PBXNativeTarget section */

/* Begin PBXProject section */
		082CC94F2A0F95F000D7F345 /* Project object */ = {
			isa = PBXProject;
			attributes = {
				BuildIndependentTargetsInParallel = 1;
				LastSwiftUpdateCheck = 1430;
				LastUpgradeCheck = 1430;
				TargetAttributes = {
					082CC9562A0F95F000D7F345 = {
						CreatedOnToolsVersion = 14.3;
					};
				};
			};
			buildConfigurationList = 082CC9522A0F95F000D7F345 /* Build configuration list for PBXProject "Nutritionly" */;
			compatibilityVersion = "Xcode 14.0";
			developmentRegion = en;
			hasScannedForEncodings = 0;
			knownRegions = (
				en,
				Base,
			);
			mainGroup = 082CC94E2A0F95F000D7F345;
			packageReferences = (
				08AA62872A22B61A002D9DBF /* XCRemoteSwiftPackageReference "firebase-ios-sdk" */,
				08AA628E2A22B62F002D9DBF /* XCRemoteSwiftPackageReference "EmojiPicker" */,
			);
			productRefGroup = 082CC9582A0F95F000D7F345 /* Products */;
			projectDirPath = "";
			projectRoot = "";
			targets = (
				082CC9562A0F95F000D7F345 /* Nutritionly */,
			);
		};
/* End PBXProject section */

/* Begin PBXResourcesBuildPhase section */
		082CC9552A0F95F000D7F345 /* Resources */ = {
			isa = PBXResourcesBuildPhase;
			buildActionMask = 2147483647;
			files = (
				082CC9622A0F95F200D7F345 /* Preview Assets.xcassets in Resources */,
				082CC97B2A0FFDC000D7F345 /* GoogleService-Info.plist in Resources */,
				082CC95F2A0F95F200D7F345 /* Assets.xcassets in Resources */,
			);
			runOnlyForDeploymentPostprocessing = 0;
		};
/* End PBXResourcesBuildPhase section */

/* Begin PBXSourcesBuildPhase section */
		082CC9532A0F95F000D7F345 /* Sources */ = {
			isa = PBXSourcesBuildPhase;
			buildActionMask = 2147483647;
			files = (
				082CC95D2A0F95F000D7F345 /* ContentView.swift in Sources */,
				087ABF6E2A22102D0092911B /* GoalView.swift in Sources */,
				08C79C4D2A10EECC00AC28CB /* MainView.swift in Sources */,
				08AA44FC2A1BFD5200537DD5 /* Water IntakeCard.swift in Sources */,
				08AEC0F12A1517DD00CEA256 /* CustomSwitch.swift in Sources */,
				08C79C4F2A10EFBF00AC28CB /* NutritionData_Manager.swift in Sources */,
				08DB01802A16BAFB00DCA54A /* Custom checkMark.swift in Sources */,
				082CC96C2A0F97A000D7F345 /* BackgroundShape.swift in Sources */,
				082CC95B2A0F95F000D7F345 /* NutritionlyApp.swift in Sources */,
				08F367C02A1419BB00180195 /* AddFoodView.swift in Sources */,
				082CC96E2A0FA35100D7F345 /* Color.swift in Sources */,
				086D4F972A2295CD00E3E63F /* AvtivityLevelView.swift in Sources */,
				08F367C42A141FF200180195 /* MealItem.swift in Sources */,
				087ABF6B2A20D9F00092911B /* StatsView.swift in Sources */,
				086D4F922A223D9500E3E63F /* TargetWeightView.swift in Sources */,
				082CC97D2A1007F200D7F345 /* UserInformationView.swift in Sources */,
				08F367C22A141B8900180195 /* NutritionsLine.swift in Sources */,
				08DB01852A17E0DE00DCA54A /* SearchIngredViewModel.swift in Sources */,
				08DB017E2A16B69B00DCA54A /* SearchIngredientsView.swift in Sources */,
				08ED21D82A1EA134004A0064 /* weightProgressChart.swift in Sources */,
				087ABF652A1FE96B0092911B /* CustomTabBar.swift in Sources */,
				08AEC0F32A15259500CEA256 /* CustomSearchBar.swift in Sources */,
				086D4F952A228F6500E3E63F /* MultipleSectionWeightPicker.swift in Sources */,
				087ABF672A1FF9710092911B /* ProfileView.swift in Sources */,
				082CC9722A0FF25D00D7F345 /* LoginScreen.swift in Sources */,
				08F367B72A12CADF00180195 /* Structs Users.swift in Sources */,
				08ED21D42A1E2002004A0064 /* WeightInfoView.swift in Sources */,
				08910BB72A23F204006DF3E1 /* TotalNutritionsView.swift in Sources */,
				082CC9702A0FA5BF00D7F345 /* RoundedButtton.swift in Sources */,
				082CC9692A0F96C800D7F345 /* StartScreen.swift in Sources */,
				08910BB52A23EAC6006DF3E1 /* SpeedOptionView.swift in Sources */,
				08BA5B042A19395A001B2174 /* RecentsView.swift in Sources */,
				08ED21D62A1E9DA8004A0064 /* WeightProgressCard.swift in Sources */,
				08AEC0EF2A15168900CEA256 /* NewFoodView.swift in Sources */,
				084F29A22A10F6070071D321 /* ProgressView.swift in Sources */,
				087ABF692A1FFF650092911B /* ProfiledData.swift in Sources */,
				08AA44F92A1BEC2B00537DD5 /* WorkoutCardView.swift in Sources */,
				08F367BC2A12CDD000180195 /* UserStore.swift in Sources */,
				08DB01822A16C63A00DCA54A /* TotalFoodView.swift in Sources */,
			);
			runOnlyForDeploymentPostprocessing = 0;
		};
/* End PBXSourcesBuildPhase section */

/* Begin XCBuildConfiguration section */
		082CC9632A0F95F200D7F345 /* Debug */ = {
			isa = XCBuildConfiguration;
			buildSettings = {
				ALWAYS_SEARCH_USER_PATHS = NO;
				CLANG_ANALYZER_NONNULL = YES;
				CLANG_ANALYZER_NUMBER_OBJECT_CONVERSION = YES_AGGRESSIVE;
				CLANG_CXX_LANGUAGE_STANDARD = "gnu++20";
				CLANG_ENABLE_MODULES = YES;
				CLANG_ENABLE_OBJC_ARC = YES;
				CLANG_ENABLE_OBJC_WEAK = YES;
				CLANG_WARN_BLOCK_CAPTURE_AUTORELEASING = YES;
				CLANG_WARN_BOOL_CONVERSION = YES;
				CLANG_WARN_COMMA = YES;
				CLANG_WARN_CONSTANT_CONVERSION = YES;
				CLANG_WARN_DEPRECATED_OBJC_IMPLEMENTATIONS = YES;
				CLANG_WARN_DIRECT_OBJC_ISA_USAGE = YES_ERROR;
				CLANG_WARN_DOCUMENTATION_COMMENTS = YES;
				CLANG_WARN_EMPTY_BODY = YES;
				CLANG_WARN_ENUM_CONVERSION = YES;
				CLANG_WARN_INFINITE_RECURSION = YES;
				CLANG_WARN_INT_CONVERSION = YES;
				CLANG_WARN_NON_LITERAL_NULL_CONVERSION = YES;
				CLANG_WARN_OBJC_IMPLICIT_RETAIN_SELF = YES;
				CLANG_WARN_OBJC_LITERAL_CONVERSION = YES;
				CLANG_WARN_OBJC_ROOT_CLASS = YES_ERROR;
				CLANG_WARN_QUOTED_INCLUDE_IN_FRAMEWORK_HEADER = YES;
				CLANG_WARN_RANGE_LOOP_ANALYSIS = YES;
				CLANG_WARN_STRICT_PROTOTYPES = YES;
				CLANG_WARN_SUSPICIOUS_MOVE = YES;
				CLANG_WARN_UNGUARDED_AVAILABILITY = YES_AGGRESSIVE;
				CLANG_WARN_UNREACHABLE_CODE = YES;
				CLANG_WARN__DUPLICATE_METHOD_MATCH = YES;
				COPY_PHASE_STRIP = NO;
				DEBUG_INFORMATION_FORMAT = dwarf;
				ENABLE_STRICT_OBJC_MSGSEND = YES;
				ENABLE_TESTABILITY = YES;
				GCC_C_LANGUAGE_STANDARD = gnu11;
				GCC_DYNAMIC_NO_PIC = NO;
				GCC_NO_COMMON_BLOCKS = YES;
				GCC_OPTIMIZATION_LEVEL = 0;
				GCC_PREPROCESSOR_DEFINITIONS = (
					"DEBUG=1",
					"$(inherited)",
				);
				GCC_WARN_64_TO_32_BIT_CONVERSION = YES;
				GCC_WARN_ABOUT_RETURN_TYPE = YES_ERROR;
				GCC_WARN_UNDECLARED_SELECTOR = YES;
				GCC_WARN_UNINITIALIZED_AUTOS = YES_AGGRESSIVE;
				GCC_WARN_UNUSED_FUNCTION = YES;
				GCC_WARN_UNUSED_VARIABLE = YES;
				IPHONEOS_DEPLOYMENT_TARGET = 16.4;
				MTL_ENABLE_DEBUG_INFO = INCLUDE_SOURCE;
				MTL_FAST_MATH = YES;
				ONLY_ACTIVE_ARCH = YES;
				SDKROOT = iphoneos;
				SWIFT_ACTIVE_COMPILATION_CONDITIONS = DEBUG;
				SWIFT_OPTIMIZATION_LEVEL = "-Onone";
			};
			name = Debug;
		};
		082CC9642A0F95F200D7F345 /* Release */ = {
			isa = XCBuildConfiguration;
			buildSettings = {
				ALWAYS_SEARCH_USER_PATHS = NO;
				CLANG_ANALYZER_NONNULL = YES;
				CLANG_ANALYZER_NUMBER_OBJECT_CONVERSION = YES_AGGRESSIVE;
				CLANG_CXX_LANGUAGE_STANDARD = "gnu++20";
				CLANG_ENABLE_MODULES = YES;
				CLANG_ENABLE_OBJC_ARC = YES;
				CLANG_ENABLE_OBJC_WEAK = YES;
				CLANG_WARN_BLOCK_CAPTURE_AUTORELEASING = YES;
				CLANG_WARN_BOOL_CONVERSION = YES;
				CLANG_WARN_COMMA = YES;
				CLANG_WARN_CONSTANT_CONVERSION = YES;
				CLANG_WARN_DEPRECATED_OBJC_IMPLEMENTATIONS = YES;
				CLANG_WARN_DIRECT_OBJC_ISA_USAGE = YES_ERROR;
				CLANG_WARN_DOCUMENTATION_COMMENTS = YES;
				CLANG_WARN_EMPTY_BODY = YES;
				CLANG_WARN_ENUM_CONVERSION = YES;
				CLANG_WARN_INFINITE_RECURSION = YES;
				CLANG_WARN_INT_CONVERSION = YES;
				CLANG_WARN_NON_LITERAL_NULL_CONVERSION = YES;
				CLANG_WARN_OBJC_IMPLICIT_RETAIN_SELF = YES;
				CLANG_WARN_OBJC_LITERAL_CONVERSION = YES;
				CLANG_WARN_OBJC_ROOT_CLASS = YES_ERROR;
				CLANG_WARN_QUOTED_INCLUDE_IN_FRAMEWORK_HEADER = YES;
				CLANG_WARN_RANGE_LOOP_ANALYSIS = YES;
				CLANG_WARN_STRICT_PROTOTYPES = YES;
				CLANG_WARN_SUSPICIOUS_MOVE = YES;
				CLANG_WARN_UNGUARDED_AVAILABILITY = YES_AGGRESSIVE;
				CLANG_WARN_UNREACHABLE_CODE = YES;
				CLANG_WARN__DUPLICATE_METHOD_MATCH = YES;
				COPY_PHASE_STRIP = NO;
				DEBUG_INFORMATION_FORMAT = "dwarf-with-dsym";
				ENABLE_NS_ASSERTIONS = NO;
				ENABLE_STRICT_OBJC_MSGSEND = YES;
				GCC_C_LANGUAGE_STANDARD = gnu11;
				GCC_NO_COMMON_BLOCKS = YES;
				GCC_WARN_64_TO_32_BIT_CONVERSION = YES;
				GCC_WARN_ABOUT_RETURN_TYPE = YES_ERROR;
				GCC_WARN_UNDECLARED_SELECTOR = YES;
				GCC_WARN_UNINITIALIZED_AUTOS = YES_AGGRESSIVE;
				GCC_WARN_UNUSED_FUNCTION = YES;
				GCC_WARN_UNUSED_VARIABLE = YES;
				IPHONEOS_DEPLOYMENT_TARGET = 16.4;
				MTL_ENABLE_DEBUG_INFO = NO;
				MTL_FAST_MATH = YES;
				SDKROOT = iphoneos;
				SWIFT_COMPILATION_MODE = wholemodule;
				SWIFT_OPTIMIZATION_LEVEL = "-O";
				VALIDATE_PRODUCT = YES;
			};
			name = Release;
		};
		082CC9662A0F95F200D7F345 /* Debug */ = {
			isa = XCBuildConfiguration;
			buildSettings = {
				ASSETCATALOG_COMPILER_APPICON_NAME = AppIcon;
				ASSETCATALOG_COMPILER_GLOBAL_ACCENT_COLOR_NAME = AccentColor;
				CODE_SIGN_ENTITLEMENTS = Nutritionly/Nutritionly.entitlements;
				CODE_SIGN_STYLE = Automatic;
				CURRENT_PROJECT_VERSION = 1;
				DEVELOPMENT_ASSET_PATHS = "\"Nutritionly/Preview Content\"";
				DEVELOPMENT_TEAM = 5ZS2H97WX7;
				ENABLE_PREVIEWS = YES;
				GENERATE_INFOPLIST_FILE = YES;
				INFOPLIST_KEY_NSHealthShareUsageDescription = "Alllow the app to acces Helth Data";
				INFOPLIST_KEY_NSHealthUpdateUsageDescription = "Alllow the app to acces Helth Data";
				INFOPLIST_KEY_UIApplicationSceneManifest_Generation = YES;
				INFOPLIST_KEY_UIApplicationSupportsIndirectInputEvents = YES;
				INFOPLIST_KEY_UILaunchScreen_Generation = YES;
				INFOPLIST_KEY_UISupportedInterfaceOrientations_iPad = "UIInterfaceOrientationPortrait UIInterfaceOrientationPortraitUpsideDown UIInterfaceOrientationLandscapeLeft UIInterfaceOrientationLandscapeRight";
				INFOPLIST_KEY_UISupportedInterfaceOrientations_iPhone = "UIInterfaceOrientationPortrait UIInterfaceOrientationLandscapeLeft UIInterfaceOrientationLandscapeRight";
				IPHONEOS_DEPLOYMENT_TARGET = 16.2;
				LD_RUNPATH_SEARCH_PATHS = (
					"$(inherited)",
					"@executable_path/Frameworks",
				);
				MARKETING_VERSION = 1.0;
				PRODUCT_BUNDLE_IDENTIFIER = me.hakim.Aliyev.Nutritionly;
				PRODUCT_NAME = "$(TARGET_NAME)";
				SWIFT_EMIT_LOC_STRINGS = YES;
				SWIFT_VERSION = 5.0;
				TARGETED_DEVICE_FAMILY = "1,2";
			};
			name = Debug;
		};
		082CC9672A0F95F200D7F345 /* Release */ = {
			isa = XCBuildConfiguration;
			buildSettings = {
				ASSETCATALOG_COMPILER_APPICON_NAME = AppIcon;
				ASSETCATALOG_COMPILER_GLOBAL_ACCENT_COLOR_NAME = AccentColor;
				CODE_SIGN_ENTITLEMENTS = Nutritionly/Nutritionly.entitlements;
				CODE_SIGN_STYLE = Automatic;
				CURRENT_PROJECT_VERSION = 1;
				DEVELOPMENT_ASSET_PATHS = "\"Nutritionly/Preview Content\"";
				DEVELOPMENT_TEAM = 5ZS2H97WX7;
				ENABLE_PREVIEWS = YES;
				GENERATE_INFOPLIST_FILE = YES;
				INFOPLIST_KEY_NSHealthShareUsageDescription = "Alllow the app to acces Helth Data";
				INFOPLIST_KEY_NSHealthUpdateUsageDescription = "Alllow the app to acces Helth Data";
				INFOPLIST_KEY_UIApplicationSceneManifest_Generation = YES;
				INFOPLIST_KEY_UIApplicationSupportsIndirectInputEvents = YES;
				INFOPLIST_KEY_UILaunchScreen_Generation = YES;
				INFOPLIST_KEY_UISupportedInterfaceOrientations_iPad = "UIInterfaceOrientationPortrait UIInterfaceOrientationPortraitUpsideDown UIInterfaceOrientationLandscapeLeft UIInterfaceOrientationLandscapeRight";
				INFOPLIST_KEY_UISupportedInterfaceOrientations_iPhone = "UIInterfaceOrientationPortrait UIInterfaceOrientationLandscapeLeft UIInterfaceOrientationLandscapeRight";
				IPHONEOS_DEPLOYMENT_TARGET = 16.2;
				LD_RUNPATH_SEARCH_PATHS = (
					"$(inherited)",
					"@executable_path/Frameworks",
				);
				MARKETING_VERSION = 1.0;
				PRODUCT_BUNDLE_IDENTIFIER = me.hakim.Aliyev.Nutritionly;
				PRODUCT_NAME = "$(TARGET_NAME)";
				SWIFT_EMIT_LOC_STRINGS = YES;
				SWIFT_VERSION = 5.0;
				TARGETED_DEVICE_FAMILY = "1,2";
			};
			name = Release;
		};
/* End XCBuildConfiguration section */

/* Begin XCConfigurationList section */
		082CC9522A0F95F000D7F345 /* Build configuration list for PBXProject "Nutritionly" */ = {
			isa = XCConfigurationList;
			buildConfigurations = (
				082CC9632A0F95F200D7F345 /* Debug */,
				082CC9642A0F95F200D7F345 /* Release */,
			);
			defaultConfigurationIsVisible = 0;
			defaultConfigurationName = Release;
		};
		082CC9652A0F95F200D7F345 /* Build configuration list for PBXNativeTarget "Nutritionly" */ = {
			isa = XCConfigurationList;
			buildConfigurations = (
				082CC9662A0F95F200D7F345 /* Debug */,
				082CC9672A0F95F200D7F345 /* Release */,
			);
			defaultConfigurationIsVisible = 0;
			defaultConfigurationName = Release;
		};
/* End XCConfigurationList section */

/* Begin XCRemoteSwiftPackageReference section */
		08AA62872A22B61A002D9DBF /* XCRemoteSwiftPackageReference "firebase-ios-sdk" */ = {
			isa = XCRemoteSwiftPackageReference;
			repositoryURL = "https://github.com/firebase/firebase-ios-sdk";
			requirement = {
				kind = upToNextMajorVersion;
				minimumVersion = 10.0.0;
			};
		};
		08AA628E2A22B62F002D9DBF /* XCRemoteSwiftPackageReference "EmojiPicker" */ = {
			isa = XCRemoteSwiftPackageReference;
			repositoryURL = "https://github.com/Kelvas09/EmojiPicker.git";
			requirement = {
				kind = upToNextMajorVersion;
				minimumVersion = 1.0.0;
			};
		};
/* End XCRemoteSwiftPackageReference section */

/* Begin XCSwiftPackageProductDependency section */
		08AA62882A22B61A002D9DBF /* FirebaseAuth */ = {
			isa = XCSwiftPackageProductDependency;
			package = 08AA62872A22B61A002D9DBF /* XCRemoteSwiftPackageReference "firebase-ios-sdk" */;
			productName = FirebaseAuth;
		};
		08AA628A2A22B61A002D9DBF /* FirebaseFirestore */ = {
			isa = XCSwiftPackageProductDependency;
			package = 08AA62872A22B61A002D9DBF /* XCRemoteSwiftPackageReference "firebase-ios-sdk" */;
			productName = FirebaseFirestore;
		};
		08AA628C2A22B61A002D9DBF /* FirebaseFirestoreSwift */ = {
			isa = XCSwiftPackageProductDependency;
			package = 08AA62872A22B61A002D9DBF /* XCRemoteSwiftPackageReference "firebase-ios-sdk" */;
			productName = FirebaseFirestoreSwift;
		};
		08AA628F2A22B62F002D9DBF /* EmojiPicker */ = {
			isa = XCSwiftPackageProductDependency;
			package = 08AA628E2A22B62F002D9DBF /* XCRemoteSwiftPackageReference "EmojiPicker" */;
			productName = EmojiPicker;
		};
/* End XCSwiftPackageProductDependency section */
	};
	rootObject = 082CC94F2A0F95F000D7F345 /* Project object */;
}
