// !$*UTF8*$!
{
	archiveVersion = 1;
	classes = {
	};
	objectVersion = 56;
	objects = {

/* Begin PBXBuildFile section */
		082CC95B2A0F95F000D7F345 /* NutritionlyApp.swift in Sources */ = {isa = PBXBuildFile; fileRef = 082CC95A2A0F95F000D7F345 /* NutritionlyApp.swift */; };
		082CC95D2A0F95F000D7F345 /* ContentView.swift in Sources */ = {isa = PBXBuildFile; fileRef = 082CC95C2A0F95F000D7F345 /* ContentView.swift */; };
		082CC95F2A0F95F200D7F345 /* Assets.xcassets in Resources */ = {isa = PBXBuildFile; fileRef = 082CC95E2A0F95F200D7F345 /* Assets.xcassets */; };
		082CC9622A0F95F200D7F345 /* Preview Assets.xcassets in Resources */ = {isa = PBXBuildFile; fileRef = 082CC9612A0F95F200D7F345 /* Preview Assets.xcassets */; };
		082CC9692A0F96C800D7F345 /* StartScreen.swift in Sources */ = {isa = PBXBuildFile; fileRef = 082CC9682A0F96C800D7F345 /* StartScreen.swift */; };
		082CC96C2A0F97A000D7F345 /* BackgroundShape.swift in Sources */ = {isa = PBXBuildFile; fileRef = 082CC96B2A0F97A000D7F345 /* BackgroundShape.swift */; };
		082CC96E2A0FA35100D7F345 /* Color.swift in Sources */ = {isa = PBXBuildFile; fileRef = 082CC96D2A0FA35100D7F345 /* Color.swift */; };
		082CC9702A0FA5BF00D7F345 /* RoundedButtton.swift in Sources */ = {isa = PBXBuildFile; fileRef = 082CC96F2A0FA5BF00D7F345 /* RoundedButtton.swift */; };
		082CC9722A0FF25D00D7F345 /* LoginScreen.swift in Sources */ = {isa = PBXBuildFile; fileRef = 082CC9712A0FF25D00D7F345 /* LoginScreen.swift */; };
		082CC9772A0FFA8D00D7F345 /* FirebaseAuth in Frameworks */ = {isa = PBXBuildFile; productRef = 082CC9762A0FFA8D00D7F345 /* FirebaseAuth */; };
		082CC9792A0FFA8D00D7F345 /* FirebaseFirestore in Frameworks */ = {isa = PBXBuildFile; productRef = 082CC9782A0FFA8D00D7F345 /* FirebaseFirestore */; };
		082CC97B2A0FFDC000D7F345 /* GoogleService-Info.plist in Resources */ = {isa = PBXBuildFile; fileRef = 082CC97A2A0FFDC000D7F345 /* GoogleService-Info.plist */; };
/* End PBXBuildFile section */

/* Begin PBXFileReference section */
		082CC9572A0F95F000D7F345 /* Nutritionly.app */ = {isa = PBXFileReference; explicitFileType = wrapper.application; includeInIndex = 0; path = Nutritionly.app; sourceTree = BUILT_PRODUCTS_DIR; };
		082CC95A2A0F95F000D7F345 /* NutritionlyApp.swift */ = {isa = PBXFileReference; lastKnownFileType = sourcecode.swift; path = NutritionlyApp.swift; sourceTree = "<group>"; };
		082CC95C2A0F95F000D7F345 /* ContentView.swift */ = {isa = PBXFileReference; lastKnownFileType = sourcecode.swift; path = ContentView.swift; sourceTree = "<group>"; };
		082CC95E2A0F95F200D7F345 /* Assets.xcassets */ = {isa = PBXFileReference; lastKnownFileType = folder.assetcatalog; path = Assets.xcassets; sourceTree = "<group>"; };
		082CC9612A0F95F200D7F345 /* Preview Assets.xcassets */ = {isa = PBXFileReference; lastKnownFileType = folder.assetcatalog; path = "Preview Assets.xcassets"; sourceTree = "<group>"; };
		082CC9682A0F96C800D7F345 /* StartScreen.swift */ = {isa = PBXFileReference; lastKnownFileType = sourcecode.swift; path = StartScreen.swift; sourceTree = "<group>"; };
		082CC96B2A0F97A000D7F345 /* BackgroundShape.swift */ = {isa = PBXFileReference; lastKnownFileType = sourcecode.swift; path = BackgroundShape.swift; sourceTree = "<group>"; };
		082CC96D2A0FA35100D7F345 /* Color.swift */ = {isa = PBXFileReference; lastKnownFileType = sourcecode.swift; path = Color.swift; sourceTree = "<group>"; };
		082CC96F2A0FA5BF00D7F345 /* RoundedButtton.swift */ = {isa = PBXFileReference; lastKnownFileType = sourcecode.swift; path = RoundedButtton.swift; sourceTree = "<group>"; };
		082CC9712A0FF25D00D7F345 /* LoginScreen.swift */ = {isa = PBXFileReference; lastKnownFileType = sourcecode.swift; path = LoginScreen.swift; sourceTree = "<group>"; };
		082CC97A2A0FFDC000D7F345 /* GoogleService-Info.plist */ = {isa = PBXFileReference; fileEncoding = 4; lastKnownFileType = text.plist.xml; path = "GoogleService-Info.plist"; sourceTree = "<group>"; };
/* End PBXFileReference section */

/* Begin PBXFrameworksBuildPhase section */
		082CC9542A0F95F000D7F345 /* Frameworks */ = {
			isa = PBXFrameworksBuildPhase;
			buildActionMask = 2147483647;
			files = (
				082CC9772A0FFA8D00D7F345 /* FirebaseAuth in Frameworks */,
				082CC9792A0FFA8D00D7F345 /* FirebaseFirestore in Frameworks */,
			);
			runOnlyForDeploymentPostprocessing = 0;
		};
/* End PBXFrameworksBuildPhase section */

/* Begin PBXGroup section */
		082CC94E2A0F95F000D7F345 = {
			isa = PBXGroup;
			children = (
				082CC9592A0F95F000D7F345 /* Nutritionly */,
				082CC9582A0F95F000D7F345 /* Products */,
			);
			sourceTree = "<group>";
		};
		082CC9582A0F95F000D7F345 /* Products */ = {
			isa = PBXGroup;
			children = (
				082CC9572A0F95F000D7F345 /* Nutritionly.app */,
			);
			name = Products;
			sourceTree = "<group>";
		};
		082CC9592A0F95F000D7F345 /* Nutritionly */ = {
			isa = PBXGroup;
			children = (
				082CC97A2A0FFDC000D7F345 /* GoogleService-Info.plist */,
				082CC96A2A0F972000D7F345 /* Features */,
				082CC95A2A0F95F000D7F345 /* NutritionlyApp.swift */,
				082CC95C2A0F95F000D7F345 /* ContentView.swift */,
				082CC9682A0F96C800D7F345 /* StartScreen.swift */,
				082CC9712A0FF25D00D7F345 /* LoginScreen.swift */,
				082CC96D2A0FA35100D7F345 /* Color.swift */,
				082CC95E2A0F95F200D7F345 /* Assets.xcassets */,
				082CC9602A0F95F200D7F345 /* Preview Content */,
			);
			path = Nutritionly;
			sourceTree = "<group>";
		};
		082CC9602A0F95F200D7F345 /* Preview Content */ = {
			isa = PBXGroup;
			children = (
				082CC9612A0F95F200D7F345 /* Preview Assets.xcassets */,
			);
			path = "Preview Content";
			sourceTree = "<group>";
		};
		082CC96A2A0F972000D7F345 /* Features */ = {
			isa = PBXGroup;
			children = (
				082CC96B2A0F97A000D7F345 /* BackgroundShape.swift */,
				082CC96F2A0FA5BF00D7F345 /* RoundedButtton.swift */,
			);
			path = Features;
			sourceTree = "<group>";
		};
/* End PBXGroup section */

/* Begin PBXNativeTarget section */
		082CC9562A0F95F000D7F345 /* Nutritionly */ = {
			isa = PBXNativeTarget;
			buildConfigurationList = 082CC9652A0F95F200D7F345 /* Build configuration list for PBXNativeTarget "Nutritionly" */;
			buildPhases = (
				082CC9532A0F95F000D7F345 /* Sources */,
				082CC9542A0F95F000D7F345 /* Frameworks */,
				082CC9552A0F95F000D7F345 /* Resources */,
			);
			buildRules = (
			);
			dependencies = (
			);
			name = Nutritionly;
			packageProductDependencies = (
				082CC9762A0FFA8D00D7F345 /* FirebaseAuth */,
				082CC9782A0FFA8D00D7F345 /* FirebaseFirestore */,
			);
			productName = Nutritionly;
			productReference = 082CC9572A0F95F000D7F345 /* Nutritionly.app */;
			productType = "com.apple.product-type.application";
		};
/* End PBXNativeTarget section */

/* Begin PBXProject section */
		082CC94F2A0F95F000D7F345 /* Project object */ = {
			isa = PBXProject;
			attributes = {
				BuildIndependentTargetsInParallel = 1;
				LastSwiftUpdateCheck = 1430;
				LastUpgradeCheck = 1430;
				TargetAttributes = {
					082CC9562A0F95F000D7F345 = {
						CreatedOnToolsVersion = 14.3;
					};
				};
			};
			buildConfigurationList = 082CC9522A0F95F000D7F345 /* Build configuration list for PBXProject "Nutritionly" */;
			compatibilityVersion = "Xcode 14.0";
			developmentRegion = en;
			hasScannedForEncodings = 0;
			knownRegions = (
				en,
				Base,
			);
			mainGroup = 082CC94E2A0F95F000D7F345;
			packageReferences = (
				082CC9752A0FFA8D00D7F345 /* XCRemoteSwiftPackageReference "firebase-ios-sdk" */,
			);
			productRefGroup = 082CC9582A0F95F000D7F345 /* Products */;
			projectDirPath = "";
			projectRoot = "";
			targets = (
				082CC9562A0F95F000D7F345 /* Nutritionly */,
			);
		};
/* End PBXProject section */

/* Begin PBXResourcesBuildPhase section */
		082CC9552A0F95F000D7F345 /* Resources */ = {
			isa = PBXResourcesBuildPhase;
			buildActionMask = 2147483647;
			files = (
				082CC9622A0F95F200D7F345 /* Preview Assets.xcassets in Resources */,
				082CC97B2A0FFDC000D7F345 /* GoogleService-Info.plist in Resources */,
				082CC95F2A0F95F200D7F345 /* Assets.xcassets in Resources */,
			);
			runOnlyForDeploymentPostprocessing = 0;
		};
/* End PBXResourcesBuildPhase section */

/* Begin PBXSourcesBuildPhase section */
		082CC9532A0F95F000D7F345 /* Sources */ = {
			isa = PBXSourcesBuildPhase;
			buildActionMask = 2147483647;
			files = (
				082CC95D2A0F95F000D7F345 /* ContentView.swift in Sources */,
				082CC96C2A0F97A000D7F345 /* BackgroundShape.swift in Sources */,
				082CC95B2A0F95F000D7F345 /* NutritionlyApp.swift in Sources */,
				082CC96E2A0FA35100D7F345 /* Color.swift in Sources */,
				082CC9722A0FF25D00D7F345 /* LoginScreen.swift in Sources */,
				082CC9702A0FA5BF00D7F345 /* RoundedButtton.swift in Sources */,
				082CC9692A0F96C800D7F345 /* StartScreen.swift in Sources */,
			);
			runOnlyForDeploymentPostprocessing = 0;
		};
/* End PBXSourcesBuildPhase section */

/* Begin XCBuildConfiguration section */
		082CC9632A0F95F200D7F345 /* Debug */ = {
			isa = XCBuildConfiguration;
			buildSettings = {
				ALWAYS_SEARCH_USER_PATHS = NO;
				CLANG_ANALYZER_NONNULL = YES;
				CLANG_ANALYZER_NUMBER_OBJECT_CONVERSION = YES_AGGRESSIVE;
				CLANG_CXX_LANGUAGE_STANDARD = "gnu++20";
				CLANG_ENABLE_MODULES = YES;
				CLANG_ENABLE_OBJC_ARC = YES;
				CLANG_ENABLE_OBJC_WEAK = YES;
				CLANG_WARN_BLOCK_CAPTURE_AUTORELEASING = YES;
				CLANG_WARN_BOOL_CONVERSION = YES;
				CLANG_WARN_COMMA = YES;
				CLANG_WARN_CONSTANT_CONVERSION = YES;
				CLANG_WARN_DEPRECATED_OBJC_IMPLEMENTATIONS = YES;
				CLANG_WARN_DIRECT_OBJC_ISA_USAGE = YES_ERROR;
				CLANG_WARN_DOCUMENTATION_COMMENTS = YES;
				CLANG_WARN_EMPTY_BODY = YES;
				CLANG_WARN_ENUM_CONVERSION = YES;
				CLANG_WARN_INFINITE_RECURSION = YES;
				CLANG_WARN_INT_CONVERSION = YES;
				CLANG_WARN_NON_LITERAL_NULL_CONVERSION = YES;
				CLANG_WARN_OBJC_IMPLICIT_RETAIN_SELF = YES;
				CLANG_WARN_OBJC_LITERAL_CONVERSION = YES;
				CLANG_WARN_OBJC_ROOT_CLASS = YES_ERROR;
				CLANG_WARN_QUOTED_INCLUDE_IN_FRAMEWORK_HEADER = YES;
				CLANG_WARN_RANGE_LOOP_ANALYSIS = YES;
				CLANG_WARN_STRICT_PROTOTYPES = YES;
				CLANG_WARN_SUSPICIOUS_MOVE = YES;
				CLANG_WARN_UNGUARDED_AVAILABILITY = YES_AGGRESSIVE;
				CLANG_WARN_UNREACHABLE_CODE = YES;
				CLANG_WARN__DUPLICATE_METHOD_MATCH = YES;
				COPY_PHASE_STRIP = NO;
				DEBUG_INFORMATION_FORMAT = dwarf;
				ENABLE_STRICT_OBJC_MSGSEND = YES;
				ENABLE_TESTABILITY = YES;
				GCC_C_LANGUAGE_STANDARD = gnu11;
				GCC_DYNAMIC_NO_PIC = NO;
				GCC_NO_COMMON_BLOCKS = YES;
				GCC_OPTIMIZATION_LEVEL = 0;
				GCC_PREPROCESSOR_DEFINITIONS = (
					"DEBUG=1",
					"$(inherited)",
				);
				GCC_WARN_64_TO_32_BIT_CONVERSION = YES;
				GCC_WARN_ABOUT_RETURN_TYPE = YES_ERROR;
				GCC_WARN_UNDECLARED_SELECTOR = YES;
				GCC_WARN_UNINITIALIZED_AUTOS = YES_AGGRESSIVE;
				GCC_WARN_UNUSED_FUNCTION = YES;
				GCC_WARN_UNUSED_VARIABLE = YES;
				IPHONEOS_DEPLOYMENT_TARGET = 16.4;
				MTL_ENABLE_DEBUG_INFO = INCLUDE_SOURCE;
				MTL_FAST_MATH = YES;
				ONLY_ACTIVE_ARCH = YES;
				SDKROOT = iphoneos;
				SWIFT_ACTIVE_COMPILATION_CONDITIONS = DEBUG;
				SWIFT_OPTIMIZATION_LEVEL = "-Onone";
			};
			name = Debug;
		};
		082CC9642A0F95F200D7F345 /* Release */ = {
			isa = XCBuildConfiguration;
			buildSettings = {
				ALWAYS_SEARCH_USER_PATHS = NO;
				CLANG_ANALYZER_NONNULL = YES;
				CLANG_ANALYZER_NUMBER_OBJECT_CONVERSION = YES_AGGRESSIVE;
				CLANG_CXX_LANGUAGE_STANDARD = "gnu++20";
				CLANG_ENABLE_MODULES = YES;
				CLANG_ENABLE_OBJC_ARC = YES;
				CLANG_ENABLE_OBJC_WEAK = YES;
				CLANG_WARN_BLOCK_CAPTURE_AUTORELEASING = YES;
				CLANG_WARN_BOOL_CONVERSION = YES;
				CLANG_WARN_COMMA = YES;
				CLANG_WARN_CONSTANT_CONVERSION = YES;
				CLANG_WARN_DEPRECATED_OBJC_IMPLEMENTATIONS = YES;
				CLANG_WARN_DIRECT_OBJC_ISA_USAGE = YES_ERROR;
				CLANG_WARN_DOCUMENTATION_COMMENTS = YES;
				CLANG_WARN_EMPTY_BODY = YES;
				CLANG_WARN_ENUM_CONVERSION = YES;
				CLANG_WARN_INFINITE_RECURSION = YES;
				CLANG_WARN_INT_CONVERSION = YES;
				CLANG_WARN_NON_LITERAL_NULL_CONVERSION = YES;
				CLANG_WARN_OBJC_IMPLICIT_RETAIN_SELF = YES;
				CLANG_WARN_OBJC_LITERAL_CONVERSION = YES;
				CLANG_WARN_OBJC_ROOT_CLASS = YES_ERROR;
				CLANG_WARN_QUOTED_INCLUDE_IN_FRAMEWORK_HEADER = YES;
				CLANG_WARN_RANGE_LOOP_ANALYSIS = YES;
				CLANG_WARN_STRICT_PROTOTYPES = YES;
				CLANG_WARN_SUSPICIOUS_MOVE = YES;
				CLANG_WARN_UNGUARDED_AVAILABILITY = YES_AGGRESSIVE;
				CLANG_WARN_UNREACHABLE_CODE = YES;
				CLANG_WARN__DUPLICATE_METHOD_MATCH = YES;
				COPY_PHASE_STRIP = NO;
				DEBUG_INFORMATION_FORMAT = "dwarf-with-dsym";
				ENABLE_NS_ASSERTIONS = NO;
				ENABLE_STRICT_OBJC_MSGSEND = YES;
				GCC_C_LANGUAGE_STANDARD = gnu11;
				GCC_NO_COMMON_BLOCKS = YES;
				GCC_WARN_64_TO_32_BIT_CONVERSION = YES;
				GCC_WARN_ABOUT_RETURN_TYPE = YES_ERROR;
				GCC_WARN_UNDECLARED_SELECTOR = YES;
				GCC_WARN_UNINITIALIZED_AUTOS = YES_AGGRESSIVE;
				GCC_WARN_UNUSED_FUNCTION = YES;
				GCC_WARN_UNUSED_VARIABLE = YES;
				IPHONEOS_DEPLOYMENT_TARGET = 16.4;
				MTL_ENABLE_DEBUG_INFO = NO;
				MTL_FAST_MATH = YES;
				SDKROOT = iphoneos;
				SWIFT_COMPILATION_MODE = wholemodule;
				SWIFT_OPTIMIZATION_LEVEL = "-O";
				VALIDATE_PRODUCT = YES;
			};
			name = Release;
		};
		082CC9662A0F95F200D7F345 /* Debug */ = {
			isa = XCBuildConfiguration;
			buildSettings = {
				ASSETCATALOG_COMPILER_APPICON_NAME = AppIcon;
				ASSETCATALOG_COMPILER_GLOBAL_ACCENT_COLOR_NAME = AccentColor;
				CODE_SIGN_STYLE = Automatic;
				CURRENT_PROJECT_VERSION = 1;
				DEVELOPMENT_ASSET_PATHS = "\"Nutritionly/Preview Content\"";
				DEVELOPMENT_TEAM = 5ZS2H97WX7;
				ENABLE_PREVIEWS = YES;
				GENERATE_INFOPLIST_FILE = YES;
				INFOPLIST_KEY_UIApplicationSceneManifest_Generation = YES;
				INFOPLIST_KEY_UIApplicationSupportsIndirectInputEvents = YES;
				INFOPLIST_KEY_UILaunchScreen_Generation = YES;
				INFOPLIST_KEY_UISupportedInterfaceOrientations_iPad = "UIInterfaceOrientationPortrait UIInterfaceOrientationPortraitUpsideDown UIInterfaceOrientationLandscapeLeft UIInterfaceOrientationLandscapeRight";
				INFOPLIST_KEY_UISupportedInterfaceOrientations_iPhone = "UIInterfaceOrientationPortrait UIInterfaceOrientationLandscapeLeft UIInterfaceOrientationLandscapeRight";
				LD_RUNPATH_SEARCH_PATHS = (
					"$(inherited)",
					"@executable_path/Frameworks",
				);
				MARKETING_VERSION = 1.0;
				PRODUCT_BUNDLE_IDENTIFIER = me.hakim.Aliyev.Nutritionly;
				PRODUCT_NAME = "$(TARGET_NAME)";
				SWIFT_EMIT_LOC_STRINGS = YES;
				SWIFT_VERSION = 5.0;
				TARGETED_DEVICE_FAMILY = "1,2";
			};
			name = Debug;
		};
		082CC9672A0F95F200D7F345 /* Release */ = {
			isa = XCBuildConfiguration;
			buildSettings = {
				ASSETCATALOG_COMPILER_APPICON_NAME = AppIcon;
				ASSETCATALOG_COMPILER_GLOBAL_ACCENT_COLOR_NAME = AccentColor;
				CODE_SIGN_STYLE = Automatic;
				CURRENT_PROJECT_VERSION = 1;
				DEVELOPMENT_ASSET_PATHS = "\"Nutritionly/Preview Content\"";
				DEVELOPMENT_TEAM = 5ZS2H97WX7;
				ENABLE_PREVIEWS = YES;
				GENERATE_INFOPLIST_FILE = YES;
				INFOPLIST_KEY_UIApplicationSceneManifest_Generation = YES;
				INFOPLIST_KEY_UIApplicationSupportsIndirectInputEvents = YES;
				INFOPLIST_KEY_UILaunchScreen_Generation = YES;
				INFOPLIST_KEY_UISupportedInterfaceOrientations_iPad = "UIInterfaceOrientationPortrait UIInterfaceOrientationPortraitUpsideDown UIInterfaceOrientationLandscapeLeft UIInterfaceOrientationLandscapeRight";
				INFOPLIST_KEY_UISupportedInterfaceOrientations_iPhone = "UIInterfaceOrientationPortrait UIInterfaceOrientationLandscapeLeft UIInterfaceOrientationLandscapeRight";
				LD_RUNPATH_SEARCH_PATHS = (
					"$(inherited)",
					"@executable_path/Frameworks",
				);
				MARKETING_VERSION = 1.0;
				PRODUCT_BUNDLE_IDENTIFIER = me.hakim.Aliyev.Nutritionly;
				PRODUCT_NAME = "$(TARGET_NAME)";
				SWIFT_EMIT_LOC_STRINGS = YES;
				SWIFT_VERSION = 5.0;
				TARGETED_DEVICE_FAMILY = "1,2";
			};
			name = Release;
		};
/* End XCBuildConfiguration section */

/* Begin XCConfigurationList section */
		082CC9522A0F95F000D7F345 /* Build configuration list for PBXProject "Nutritionly" */ = {
			isa = XCConfigurationList;
			buildConfigurations = (
				082CC9632A0F95F200D7F345 /* Debug */,
				082CC9642A0F95F200D7F345 /* Release */,
			);
			defaultConfigurationIsVisible = 0;
			defaultConfigurationName = Release;
		};
		082CC9652A0F95F200D7F345 /* Build configuration list for PBXNativeTarget "Nutritionly" */ = {
			isa = XCConfigurationList;
			buildConfigurations = (
				082CC9662A0F95F200D7F345 /* Debug */,
				082CC9672A0F95F200D7F345 /* Release */,
			);
			defaultConfigurationIsVisible = 0;
			defaultConfigurationName = Release;
		};
/* End XCConfigurationList section */

/* Begin XCRemoteSwiftPackageReference section */
		082CC9752A0FFA8D00D7F345 /* XCRemoteSwiftPackageReference "firebase-ios-sdk" */ = {
			isa = XCRemoteSwiftPackageReference;
			repositoryURL = "https://github.com/firebase/firebase-ios-sdk";
			requirement = {
				kind = upToNextMajorVersion;
				minimumVersion = 10.0.0;
			};
		};
/* End XCRemoteSwiftPackageReference section */

/* Begin XCSwiftPackageProductDependency section */
		082CC9762A0FFA8D00D7F345 /* FirebaseAuth */ = {
			isa = XCSwiftPackageProductDependency;
			package = 082CC9752A0FFA8D00D7F345 /* XCRemoteSwiftPackageReference "firebase-ios-sdk" */;
			productName = FirebaseAuth;
		};
		082CC9782A0FFA8D00D7F345 /* FirebaseFirestore */ = {
			isa = XCSwiftPackageProductDependency;
			package = 082CC9752A0FFA8D00D7F345 /* XCRemoteSwiftPackageReference "firebase-ios-sdk" */;
			productName = FirebaseFirestore;
		};
/* End XCSwiftPackageProductDependency section */
	};
	rootObject = 082CC94F2A0F95F000D7F345 /* Project object */;
}
